
Microsoft Visual Studio Solution File, Format Version 12.00
# Visual Studio Version 16
VisualStudioVersion = 16.0.31624.102
MinimumVisualStudioVersion = 10.0.40219.1
Project("{FAE04EC0-301F-11D3-BF4B-00C04F79EFBC}") = "Day_12_Task_2", "Day_12_Task_2.csproj", "{4FA1DC88-380E-4D3E-9740-3A146FED93FF}"
EndProject
Global
	GlobalSection(SolutionConfigurationPlatforms) = preSolution
		Debug|Any CPU = Debug|Any CPU
		Release|Any CPU = Release|Any CPU
	EndGlobalSection
	GlobalSection(ProjectConfigurationPlatforms) = postSolution
		{4FA1DC88-380E-4D3E-9740-3A146FED93FF}.Debug|Any CPU.ActiveCfg = Debug|Any CPU
		{4FA1DC88-380E-4D3E-9740-3A146FED93FF}.Debug|Any CPU.Build.0 = Debug|Any CPU
		{4FA1DC88-380E-4D3E-9740-3A146FED93FF}.Release|Any CPU.ActiveCfg = Release|Any CPU
		{4FA1DC88-380E-4D3E-9740-3A146FED93FF}.Release|Any CPU.Build.0 = Release|Any CPU
	EndGlobalSection
	GlobalSection(SolutionProperties) = preSolution
		HideSolutionNode = FALSE
	EndGlobalSection
	GlobalSection(ExtensibilityGlobals) = postSolution
		SolutionGuid = {E3C1600D-CA64-4443-91F3-5A1660DC5257}
	EndGlobalSection
EndGlobal
