
Microsoft Visual Studio Solution File, Format Version 12.00
# Visual Studio Version 16
VisualStudioVersion = 16.0.31624.102
MinimumVisualStudioVersion = 10.0.40219.1
Project("{FAE04EC0-301F-11D3-BF4B-00C04F79EFBC}") = "Day_07_Task_3", "Day_07_Task_3.csproj", "{2BDC9884-470F-470E-8A72-F48019AA43A2}"
EndProject
Global
	GlobalSection(SolutionConfigurationPlatforms) = preSolution
		Debug|Any CPU = Debug|Any CPU
		Release|Any CPU = Release|Any CPU
	EndGlobalSection
	GlobalSection(ProjectConfigurationPlatforms) = postSolution
		{2BDC9884-470F-470E-8A72-F48019AA43A2}.Debug|Any CPU.ActiveCfg = Debug|Any CPU
		{2BDC9884-470F-470E-8A72-F48019AA43A2}.Debug|Any CPU.Build.0 = Debug|Any CPU
		{2BDC9884-470F-470E-8A72-F48019AA43A2}.Release|Any CPU.ActiveCfg = Release|Any CPU
		{2BDC9884-470F-470E-8A72-F48019AA43A2}.Release|Any CPU.Build.0 = Release|Any CPU
	EndGlobalSection
	GlobalSection(SolutionProperties) = preSolution
		HideSolutionNode = FALSE
	EndGlobalSection
	GlobalSection(ExtensibilityGlobals) = postSolution
		SolutionGuid = {D909471B-882C-4F59-BC7F-0194E9B639A4}
	EndGlobalSection
EndGlobal
