
Microsoft Visual Studio Solution File, Format Version 12.00
# Visual Studio Version 16
VisualStudioVersion = 16.0.31624.102
MinimumVisualStudioVersion = 10.0.40219.1
Project("{FAE04EC0-301F-11D3-BF4B-00C04F79EFBC}") = "Day_18_Task_1", "Day_18_Task_1.csproj", "{A1256960-52D3-47C8-A847-BC0EBD704B0C}"
EndProject
Global
	GlobalSection(SolutionConfigurationPlatforms) = preSolution
		Debug|Any CPU = Debug|Any CPU
		Release|Any CPU = Release|Any CPU
	EndGlobalSection
	GlobalSection(ProjectConfigurationPlatforms) = postSolution
		{A1256960-52D3-47C8-A847-BC0EBD704B0C}.Debug|Any CPU.ActiveCfg = Debug|Any CPU
		{A1256960-52D3-47C8-A847-BC0EBD704B0C}.Debug|Any CPU.Build.0 = Debug|Any CPU
		{A1256960-52D3-47C8-A847-BC0EBD704B0C}.Release|Any CPU.ActiveCfg = Release|Any CPU
		{A1256960-52D3-47C8-A847-BC0EBD704B0C}.Release|Any CPU.Build.0 = Release|Any CPU
	EndGlobalSection
	GlobalSection(SolutionProperties) = preSolution
		HideSolutionNode = FALSE
	EndGlobalSection
	GlobalSection(ExtensibilityGlobals) = postSolution
		SolutionGuid = {AC8B2AF8-6F01-4353-AE30-69DEBD0C329F}
	EndGlobalSection
EndGlobal
