
Microsoft Visual Studio Solution File, Format Version 12.00
# Visual Studio Version 16
VisualStudioVersion = 16.0.31624.102
MinimumVisualStudioVersion = 10.0.40219.1
Project("{FAE04EC0-301F-11D3-BF4B-00C04F79EFBC}") = "Day_04_Task_7", "Day_04_Task_7.csproj", "{F98A6AE4-4E01-4E0E-8EC4-4BE4B043B136}"
EndProject
Global
	GlobalSection(SolutionConfigurationPlatforms) = preSolution
		Debug|Any CPU = Debug|Any CPU
		Release|Any CPU = Release|Any CPU
	EndGlobalSection
	GlobalSection(ProjectConfigurationPlatforms) = postSolution
		{F98A6AE4-4E01-4E0E-8EC4-4BE4B043B136}.Debug|Any CPU.ActiveCfg = Debug|Any CPU
		{F98A6AE4-4E01-4E0E-8EC4-4BE4B043B136}.Debug|Any CPU.Build.0 = Debug|Any CPU
		{F98A6AE4-4E01-4E0E-8EC4-4BE4B043B136}.Release|Any CPU.ActiveCfg = Release|Any CPU
		{F98A6AE4-4E01-4E0E-8EC4-4BE4B043B136}.Release|Any CPU.Build.0 = Release|Any CPU
	EndGlobalSection
	GlobalSection(SolutionProperties) = preSolution
		HideSolutionNode = FALSE
	EndGlobalSection
	GlobalSection(ExtensibilityGlobals) = postSolution
		SolutionGuid = {62527DDD-459D-4AE6-8D9F-94316A792CAE}
	EndGlobalSection
EndGlobal
