
Microsoft Visual Studio Solution File, Format Version 12.00
# Visual Studio Version 16
VisualStudioVersion = 16.0.31624.102
MinimumVisualStudioVersion = 10.0.40219.1
Project("{FAE04EC0-301F-11D3-BF4B-00C04F79EFBC}") = "Day_25_Task", "Day_25_Task.csproj", "{AC08B0AB-BDD0-43B7-86FA-1833EB3C510D}"
EndProject
Global
	GlobalSection(SolutionConfigurationPlatforms) = preSolution
		Debug|Any CPU = Debug|Any CPU
		Release|Any CPU = Release|Any CPU
	EndGlobalSection
	GlobalSection(ProjectConfigurationPlatforms) = postSolution
		{AC08B0AB-BDD0-43B7-86FA-1833EB3C510D}.Debug|Any CPU.ActiveCfg = Debug|Any CPU
		{AC08B0AB-BDD0-43B7-86FA-1833EB3C510D}.Debug|Any CPU.Build.0 = Debug|Any CPU
		{AC08B0AB-BDD0-43B7-86FA-1833EB3C510D}.Release|Any CPU.ActiveCfg = Release|Any CPU
		{AC08B0AB-BDD0-43B7-86FA-1833EB3C510D}.Release|Any CPU.Build.0 = Release|Any CPU
	EndGlobalSection
	GlobalSection(SolutionProperties) = preSolution
		HideSolutionNode = FALSE
	EndGlobalSection
	GlobalSection(ExtensibilityGlobals) = postSolution
		SolutionGuid = {9CB5423F-D38E-46F9-BC30-2C3BEAB5063A}
	EndGlobalSection
EndGlobal
