
Microsoft Visual Studio Solution File, Format Version 12.00
# Visual Studio Version 16
VisualStudioVersion = 16.0.31624.102
MinimumVisualStudioVersion = 10.0.40219.1
Project("{FAE04EC0-301F-11D3-BF4B-00C04F79EFBC}") = "Task_WebAPI", "Task_WebAPI.csproj", "{197471D9-696C-4570-8FF2-117A91EC523C}"
EndProject
Project("{FAE04EC0-301F-11D3-BF4B-00C04F79EFBC}") = "ManageCarsService", "..\ManageCarsService\ManageCarsService.csproj", "{9C2F8AD3-CB2B-446F-84E8-8AE4E108FD72}"
EndProject
Global
	GlobalSection(SolutionConfigurationPlatforms) = preSolution
		Debug|Any CPU = Debug|Any CPU
		Release|Any CPU = Release|Any CPU
	EndGlobalSection
	GlobalSection(ProjectConfigurationPlatforms) = postSolution
		{197471D9-696C-4570-8FF2-117A91EC523C}.Debug|Any CPU.ActiveCfg = Debug|Any CPU
		{197471D9-696C-4570-8FF2-117A91EC523C}.Debug|Any CPU.Build.0 = Debug|Any CPU
		{197471D9-696C-4570-8FF2-117A91EC523C}.Release|Any CPU.ActiveCfg = Release|Any CPU
		{197471D9-696C-4570-8FF2-117A91EC523C}.Release|Any CPU.Build.0 = Release|Any CPU
		{9C2F8AD3-CB2B-446F-84E8-8AE4E108FD72}.Debug|Any CPU.ActiveCfg = Debug|Any CPU
		{9C2F8AD3-CB2B-446F-84E8-8AE4E108FD72}.Debug|Any CPU.Build.0 = Debug|Any CPU
		{9C2F8AD3-CB2B-446F-84E8-8AE4E108FD72}.Release|Any CPU.ActiveCfg = Release|Any CPU
		{9C2F8AD3-CB2B-446F-84E8-8AE4E108FD72}.Release|Any CPU.Build.0 = Release|Any CPU
	EndGlobalSection
	GlobalSection(SolutionProperties) = preSolution
		HideSolutionNode = FALSE
	EndGlobalSection
	GlobalSection(ExtensibilityGlobals) = postSolution
		SolutionGuid = {7646476B-72CE-461F-B748-3D639D9316DE}
	EndGlobalSection
EndGlobal
