
Microsoft Visual Studio Solution File, Format Version 12.00
# Visual Studio Version 16
VisualStudioVersion = 16.0.31624.102
MinimumVisualStudioVersion = 10.0.40219.1
Project("{FAE04EC0-301F-11D3-BF4B-00C04F79EFBC}") = "Day_03_Task_2", "Day_03_Task_2.csproj", "{8BCF8B1F-31CB-46E5-AD32-FCC8CD2204A6}"
EndProject
Global
	GlobalSection(SolutionConfigurationPlatforms) = preSolution
		Debug|Any CPU = Debug|Any CPU
		Release|Any CPU = Release|Any CPU
	EndGlobalSection
	GlobalSection(ProjectConfigurationPlatforms) = postSolution
		{8BCF8B1F-31CB-46E5-AD32-FCC8CD2204A6}.Debug|Any CPU.ActiveCfg = Debug|Any CPU
		{8BCF8B1F-31CB-46E5-AD32-FCC8CD2204A6}.Debug|Any CPU.Build.0 = Debug|Any CPU
		{8BCF8B1F-31CB-46E5-AD32-FCC8CD2204A6}.Release|Any CPU.ActiveCfg = Release|Any CPU
		{8BCF8B1F-31CB-46E5-AD32-FCC8CD2204A6}.Release|Any CPU.Build.0 = Release|Any CPU
	EndGlobalSection
	GlobalSection(SolutionProperties) = preSolution
		HideSolutionNode = FALSE
	EndGlobalSection
	GlobalSection(ExtensibilityGlobals) = postSolution
		SolutionGuid = {F4B252B2-06BB-4336-A459-5DE320B5BDCE}
	EndGlobalSection
EndGlobal
