
Microsoft Visual Studio Solution File, Format Version 12.00
# Visual Studio Version 16
VisualStudioVersion = 16.0.31624.102
MinimumVisualStudioVersion = 10.0.40219.1
Project("{FAE04EC0-301F-11D3-BF4B-00C04F79EFBC}") = "Day_06_Task_3", "Day_06_Task_3.csproj", "{DBEB1989-4F61-48B4-A12A-E99098581A51}"
EndProject
Global
	GlobalSection(SolutionConfigurationPlatforms) = preSolution
		Debug|Any CPU = Debug|Any CPU
		Release|Any CPU = Release|Any CPU
	EndGlobalSection
	GlobalSection(ProjectConfigurationPlatforms) = postSolution
		{DBEB1989-4F61-48B4-A12A-E99098581A51}.Debug|Any CPU.ActiveCfg = Debug|Any CPU
		{DBEB1989-4F61-48B4-A12A-E99098581A51}.Debug|Any CPU.Build.0 = Debug|Any CPU
		{DBEB1989-4F61-48B4-A12A-E99098581A51}.Release|Any CPU.ActiveCfg = Release|Any CPU
		{DBEB1989-4F61-48B4-A12A-E99098581A51}.Release|Any CPU.Build.0 = Release|Any CPU
	EndGlobalSection
	GlobalSection(SolutionProperties) = preSolution
		HideSolutionNode = FALSE
	EndGlobalSection
	GlobalSection(ExtensibilityGlobals) = postSolution
		SolutionGuid = {3BCC8BFE-2745-4A38-BF44-EF8B4EF8A9E1}
	EndGlobalSection
EndGlobal
