
Microsoft Visual Studio Solution File, Format Version 12.00
# Visual Studio Version 16
VisualStudioVersion = 16.0.31624.102
MinimumVisualStudioVersion = 10.0.40219.1
Project("{FAE04EC0-301F-11D3-BF4B-00C04F79EFBC}") = "Day_04_Task_3", "Day_04_Task_3.csproj", "{3F5F80BB-2226-4535-8FF2-722EFF5CA563}"
EndProject
Global
	GlobalSection(SolutionConfigurationPlatforms) = preSolution
		Debug|Any CPU = Debug|Any CPU
		Release|Any CPU = Release|Any CPU
	EndGlobalSection
	GlobalSection(ProjectConfigurationPlatforms) = postSolution
		{3F5F80BB-2226-4535-8FF2-722EFF5CA563}.Debug|Any CPU.ActiveCfg = Debug|Any CPU
		{3F5F80BB-2226-4535-8FF2-722EFF5CA563}.Debug|Any CPU.Build.0 = Debug|Any CPU
		{3F5F80BB-2226-4535-8FF2-722EFF5CA563}.Release|Any CPU.ActiveCfg = Release|Any CPU
		{3F5F80BB-2226-4535-8FF2-722EFF5CA563}.Release|Any CPU.Build.0 = Release|Any CPU
	EndGlobalSection
	GlobalSection(SolutionProperties) = preSolution
		HideSolutionNode = FALSE
	EndGlobalSection
	GlobalSection(ExtensibilityGlobals) = postSolution
		SolutionGuid = {ABF27DEB-F91E-40C1-A9E9-27F832294FD6}
	EndGlobalSection
EndGlobal
