
Microsoft Visual Studio Solution File, Format Version 12.00
# Visual Studio Version 16
VisualStudioVersion = 16.0.31624.102
MinimumVisualStudioVersion = 10.0.40219.1
Project("{FAE04EC0-301F-11D3-BF4B-00C04F79EFBC}") = "Day_17_Task_1", "Day_17_Task_1.csproj", "{81FCCBDF-2627-4CE4-A1E0-8EC15522BB4C}"
EndProject
Global
	GlobalSection(SolutionConfigurationPlatforms) = preSolution
		Debug|Any CPU = Debug|Any CPU
		Release|Any CPU = Release|Any CPU
	EndGlobalSection
	GlobalSection(ProjectConfigurationPlatforms) = postSolution
		{81FCCBDF-2627-4CE4-A1E0-8EC15522BB4C}.Debug|Any CPU.ActiveCfg = Debug|Any CPU
		{81FCCBDF-2627-4CE4-A1E0-8EC15522BB4C}.Debug|Any CPU.Build.0 = Debug|Any CPU
		{81FCCBDF-2627-4CE4-A1E0-8EC15522BB4C}.Release|Any CPU.ActiveCfg = Release|Any CPU
		{81FCCBDF-2627-4CE4-A1E0-8EC15522BB4C}.Release|Any CPU.Build.0 = Release|Any CPU
	EndGlobalSection
	GlobalSection(SolutionProperties) = preSolution
		HideSolutionNode = FALSE
	EndGlobalSection
	GlobalSection(ExtensibilityGlobals) = postSolution
		SolutionGuid = {C71CE20C-F4B0-4DEA-B763-CC09E3E9379B}
	EndGlobalSection
EndGlobal
