
Microsoft Visual Studio Solution File, Format Version 12.00
# Visual Studio Version 16
VisualStudioVersion = 16.0.31624.102
MinimumVisualStudioVersion = 10.0.40219.1
Project("{FAE04EC0-301F-11D3-BF4B-00C04F79EFBC}") = "Day_18_Task_2", "Day_18_Task_2.csproj", "{74F0595A-C448-4F72-AA74-AC09B7937730}"
EndProject
Global
	GlobalSection(SolutionConfigurationPlatforms) = preSolution
		Debug|Any CPU = Debug|Any CPU
		Release|Any CPU = Release|Any CPU
	EndGlobalSection
	GlobalSection(ProjectConfigurationPlatforms) = postSolution
		{74F0595A-C448-4F72-AA74-AC09B7937730}.Debug|Any CPU.ActiveCfg = Debug|Any CPU
		{74F0595A-C448-4F72-AA74-AC09B7937730}.Debug|Any CPU.Build.0 = Debug|Any CPU
		{74F0595A-C448-4F72-AA74-AC09B7937730}.Release|Any CPU.ActiveCfg = Release|Any CPU
		{74F0595A-C448-4F72-AA74-AC09B7937730}.Release|Any CPU.Build.0 = Release|Any CPU
	EndGlobalSection
	GlobalSection(SolutionProperties) = preSolution
		HideSolutionNode = FALSE
	EndGlobalSection
	GlobalSection(ExtensibilityGlobals) = postSolution
		SolutionGuid = {1E6464B6-1E34-496E-8071-841E37F84CFB}
	EndGlobalSection
EndGlobal
