
Microsoft Visual Studio Solution File, Format Version 12.00
# Visual Studio Version 16
VisualStudioVersion = 16.0.31624.102
MinimumVisualStudioVersion = 10.0.40219.1
Project("{FAE04EC0-301F-11D3-BF4B-00C04F79EFBC}") = "Day_04_Task_2", "Day_04_Task_2.csproj", "{5B33E928-7986-4F1C-970B-8C7BBBC7AAA4}"
EndProject
Global
	GlobalSection(SolutionConfigurationPlatforms) = preSolution
		Debug|Any CPU = Debug|Any CPU
		Release|Any CPU = Release|Any CPU
	EndGlobalSection
	GlobalSection(ProjectConfigurationPlatforms) = postSolution
		{5B33E928-7986-4F1C-970B-8C7BBBC7AAA4}.Debug|Any CPU.ActiveCfg = Debug|Any CPU
		{5B33E928-7986-4F1C-970B-8C7BBBC7AAA4}.Debug|Any CPU.Build.0 = Debug|Any CPU
		{5B33E928-7986-4F1C-970B-8C7BBBC7AAA4}.Release|Any CPU.ActiveCfg = Release|Any CPU
		{5B33E928-7986-4F1C-970B-8C7BBBC7AAA4}.Release|Any CPU.Build.0 = Release|Any CPU
	EndGlobalSection
	GlobalSection(SolutionProperties) = preSolution
		HideSolutionNode = FALSE
	EndGlobalSection
	GlobalSection(ExtensibilityGlobals) = postSolution
		SolutionGuid = {CA6B9017-8BD0-413C-9F36-BE6D1B569D0B}
	EndGlobalSection
EndGlobal
