
Microsoft Visual Studio Solution File, Format Version 12.00
# Visual Studio Version 16
VisualStudioVersion = 16.0.31624.102
MinimumVisualStudioVersion = 10.0.40219.1
Project("{FAE04EC0-301F-11D3-BF4B-00C04F79EFBC}") = "Day_15_Task_1", "Day_15_Task_1.csproj", "{07784698-BE98-4E74-AF33-3D99E67FBC32}"
EndProject
Global
	GlobalSection(SolutionConfigurationPlatforms) = preSolution
		Debug|Any CPU = Debug|Any CPU
		Release|Any CPU = Release|Any CPU
	EndGlobalSection
	GlobalSection(ProjectConfigurationPlatforms) = postSolution
		{07784698-BE98-4E74-AF33-3D99E67FBC32}.Debug|Any CPU.ActiveCfg = Debug|Any CPU
		{07784698-BE98-4E74-AF33-3D99E67FBC32}.Debug|Any CPU.Build.0 = Debug|Any CPU
		{07784698-BE98-4E74-AF33-3D99E67FBC32}.Release|Any CPU.ActiveCfg = Release|Any CPU
		{07784698-BE98-4E74-AF33-3D99E67FBC32}.Release|Any CPU.Build.0 = Release|Any CPU
	EndGlobalSection
	GlobalSection(SolutionProperties) = preSolution
		HideSolutionNode = FALSE
	EndGlobalSection
	GlobalSection(ExtensibilityGlobals) = postSolution
		SolutionGuid = {76B1194F-722E-4F1F-A54B-6E23E949C79B}
	EndGlobalSection
EndGlobal
