
Microsoft Visual Studio Solution File, Format Version 12.00
# Visual Studio Version 16
VisualStudioVersion = 16.0.31624.102
MinimumVisualStudioVersion = 10.0.40219.1
Project("{FAE04EC0-301F-11D3-BF4B-00C04F79EFBC}") = "Task_2", "Task_2.csproj", "{38FC0FB2-21C7-4F61-BB3A-6925A4B5B0FF}"
EndProject
Global
	GlobalSection(SolutionConfigurationPlatforms) = preSolution
		Debug|Any CPU = Debug|Any CPU
		Release|Any CPU = Release|Any CPU
	EndGlobalSection
	GlobalSection(ProjectConfigurationPlatforms) = postSolution
		{38FC0FB2-21C7-4F61-BB3A-6925A4B5B0FF}.Debug|Any CPU.ActiveCfg = Debug|Any CPU
		{38FC0FB2-21C7-4F61-BB3A-6925A4B5B0FF}.Debug|Any CPU.Build.0 = Debug|Any CPU
		{38FC0FB2-21C7-4F61-BB3A-6925A4B5B0FF}.Release|Any CPU.ActiveCfg = Release|Any CPU
		{38FC0FB2-21C7-4F61-BB3A-6925A4B5B0FF}.Release|Any CPU.Build.0 = Release|Any CPU
	EndGlobalSection
	GlobalSection(SolutionProperties) = preSolution
		HideSolutionNode = FALSE
	EndGlobalSection
	GlobalSection(ExtensibilityGlobals) = postSolution
		SolutionGuid = {A270F63F-8125-4555-8CC1-4CDA560375FA}
	EndGlobalSection
EndGlobal
