
Microsoft Visual Studio Solution File, Format Version 12.00
# Visual Studio Version 16
VisualStudioVersion = 16.0.31624.102
MinimumVisualStudioVersion = 10.0.40219.1
Project("{FAE04EC0-301F-11D3-BF4B-00C04F79EFBC}") = "Day_06_Task_2", "Day_06_Task_2.csproj", "{F8CE9A4F-C695-4ADD-B881-29D5F0997524}"
EndProject
Global
	GlobalSection(SolutionConfigurationPlatforms) = preSolution
		Debug|Any CPU = Debug|Any CPU
		Release|Any CPU = Release|Any CPU
	EndGlobalSection
	GlobalSection(ProjectConfigurationPlatforms) = postSolution
		{F8CE9A4F-C695-4ADD-B881-29D5F0997524}.Debug|Any CPU.ActiveCfg = Debug|Any CPU
		{F8CE9A4F-C695-4ADD-B881-29D5F0997524}.Debug|Any CPU.Build.0 = Debug|Any CPU
		{F8CE9A4F-C695-4ADD-B881-29D5F0997524}.Release|Any CPU.ActiveCfg = Release|Any CPU
		{F8CE9A4F-C695-4ADD-B881-29D5F0997524}.Release|Any CPU.Build.0 = Release|Any CPU
	EndGlobalSection
	GlobalSection(SolutionProperties) = preSolution
		HideSolutionNode = FALSE
	EndGlobalSection
	GlobalSection(ExtensibilityGlobals) = postSolution
		SolutionGuid = {5A720768-DE4B-4E6B-9C58-77E48D160BDC}
	EndGlobalSection
EndGlobal
