
Microsoft Visual Studio Solution File, Format Version 12.00
# Visual Studio Version 16
VisualStudioVersion = 16.0.31624.102
MinimumVisualStudioVersion = 10.0.40219.1
Project("{FAE04EC0-301F-11D3-BF4B-00C04F79EFBC}") = "Day_04_Task_6", "Day_04_Task_6.csproj", "{FD129ED4-C968-41E3-AB6C-E0D46617CB8A}"
EndProject
Global
	GlobalSection(SolutionConfigurationPlatforms) = preSolution
		Debug|Any CPU = Debug|Any CPU
		Release|Any CPU = Release|Any CPU
	EndGlobalSection
	GlobalSection(ProjectConfigurationPlatforms) = postSolution
		{FD129ED4-C968-41E3-AB6C-E0D46617CB8A}.Debug|Any CPU.ActiveCfg = Debug|Any CPU
		{FD129ED4-C968-41E3-AB6C-E0D46617CB8A}.Debug|Any CPU.Build.0 = Debug|Any CPU
		{FD129ED4-C968-41E3-AB6C-E0D46617CB8A}.Release|Any CPU.ActiveCfg = Release|Any CPU
		{FD129ED4-C968-41E3-AB6C-E0D46617CB8A}.Release|Any CPU.Build.0 = Release|Any CPU
	EndGlobalSection
	GlobalSection(SolutionProperties) = preSolution
		HideSolutionNode = FALSE
	EndGlobalSection
	GlobalSection(ExtensibilityGlobals) = postSolution
		SolutionGuid = {BA8662E1-0C6E-4507-83C3-CA3D0B7E5899}
	EndGlobalSection
EndGlobal
